
Microsoft Visual Studio Solution File, Format Version 12.00
# Visual Studio 2012
Project("{8BC9CEB8-8B4A-11D0-8D11-00A0C91BC942}") = "Hello world", "Programming cpp Straustrup\Programming cpp Straustrup.vcxproj", "{6633891C-1BFD-4B65-8A3A-73D4B2CB3C85}"
EndProject
Project("{8BC9CEB8-8B4A-11D0-8D11-00A0C91BC942}") = "3.1", "3.1\3.1.vcxproj", "{2768C80C-4BBF-45C8-9137-4546BFCE9E5A}"
EndProject
Project("{8BC9CEB8-8B4A-11D0-8D11-00A0C91BC942}") = "3.3-first", "3.3-first\3.3-first.vcxproj", "{3506B1A1-C4CE-4F29-9281-677EAE1A872B}"
EndProject
Project("{8BC9CEB8-8B4A-11D0-8D11-00A0C91BC942}") = "3.3-second", "3.3-second\3.3-second.vcxproj", "{2979D9D7-7952-4F24-A9D5-A3D4AE16BC8E}"
EndProject
Project("{8BC9CEB8-8B4A-11D0-8D11-00A0C91BC942}") = "3.3-third", "3.3-third\3.3-third.vcxproj", "{3CF0D673-571B-417A-98EB-4434F0FE5915}"
EndProject
Project("{8BC9CEB8-8B4A-11D0-8D11-00A0C91BC942}") = "3.3-work", "3.3-work\3.3-work.vcxproj", "{29368298-FDAE-4347-8E69-69878CBF9208}"
EndProject
Project("{8BC9CEB8-8B4A-11D0-8D11-00A0C91BC942}") = "3.4-67", "3.4-67\3.4-67.vcxproj", "{8F244FDD-7D1C-43CA-B17F-A094D13341F8}"
EndProject
Project("{8BC9CEB8-8B4A-11D0-8D11-00A0C91BC942}") = "3.4-68", "3.4-68\3.4-68.vcxproj", "{AED392E0-7E3A-4F49-990C-6FCAB22A9172}"
EndProject
Project("{8BC9CEB8-8B4A-11D0-8D11-00A0C91BC942}") = "3.4-68-1", "3.4.-68-1\3.4.-68-1.vcxproj", "{5B54BD8A-B92E-4CA3-B85B-2EC66EB281A8}"
EndProject
Project("{8BC9CEB8-8B4A-11D0-8D11-00A0C91BC942}") = "3.4-68-2", "3.4-68-2\3.4-68-2.vcxproj", "{4BE4E1E2-A17B-4BE2-8ADA-B19BE33081A8}"
EndProject
Project("{8BC9CEB8-8B4A-11D0-8D11-00A0C91BC942}") = "3.5.1-71", "3.5.1-71\3.5.1-71.vcxproj", "{8B54003B-9574-4251-A816-535E9E343715}"
EndProject
Project("{8BC9CEB8-8B4A-11D0-8D11-00A0C91BC942}") = "3.6.1-73", "3.6.1-73\3.6.1-73.vcxproj", "{A86CA047-8C21-451D-9737-5D34EB2A1225}"
EndProject
Project("{8BC9CEB8-8B4A-11D0-8D11-00A0C91BC942}") = "3.7-75", "3.7-75\3.7-75.vcxproj", "{3BF645F4-EA9D-4DF6-BC1F-CD382DCD8A7E}"
EndProject
Global
	GlobalSection(SolutionConfigurationPlatforms) = preSolution
		Debug|Win32 = Debug|Win32
		Release|Win32 = Release|Win32
	EndGlobalSection
	GlobalSection(ProjectConfigurationPlatforms) = postSolution
		{6633891C-1BFD-4B65-8A3A-73D4B2CB3C85}.Debug|Win32.ActiveCfg = Debug|Win32
		{6633891C-1BFD-4B65-8A3A-73D4B2CB3C85}.Debug|Win32.Build.0 = Debug|Win32
		{6633891C-1BFD-4B65-8A3A-73D4B2CB3C85}.Release|Win32.ActiveCfg = Release|Win32
		{6633891C-1BFD-4B65-8A3A-73D4B2CB3C85}.Release|Win32.Build.0 = Release|Win32
		{2768C80C-4BBF-45C8-9137-4546BFCE9E5A}.Debug|Win32.ActiveCfg = Debug|Win32
		{2768C80C-4BBF-45C8-9137-4546BFCE9E5A}.Debug|Win32.Build.0 = Debug|Win32
		{2768C80C-4BBF-45C8-9137-4546BFCE9E5A}.Release|Win32.ActiveCfg = Release|Win32
		{2768C80C-4BBF-45C8-9137-4546BFCE9E5A}.Release|Win32.Build.0 = Release|Win32
		{3506B1A1-C4CE-4F29-9281-677EAE1A872B}.Debug|Win32.ActiveCfg = Debug|Win32
		{3506B1A1-C4CE-4F29-9281-677EAE1A872B}.Debug|Win32.Build.0 = Debug|Win32
		{3506B1A1-C4CE-4F29-9281-677EAE1A872B}.Release|Win32.ActiveCfg = Release|Win32
		{3506B1A1-C4CE-4F29-9281-677EAE1A872B}.Release|Win32.Build.0 = Release|Win32
		{2979D9D7-7952-4F24-A9D5-A3D4AE16BC8E}.Debug|Win32.ActiveCfg = Debug|Win32
		{2979D9D7-7952-4F24-A9D5-A3D4AE16BC8E}.Debug|Win32.Build.0 = Debug|Win32
		{2979D9D7-7952-4F24-A9D5-A3D4AE16BC8E}.Release|Win32.ActiveCfg = Release|Win32
		{2979D9D7-7952-4F24-A9D5-A3D4AE16BC8E}.Release|Win32.Build.0 = Release|Win32
		{3CF0D673-571B-417A-98EB-4434F0FE5915}.Debug|Win32.ActiveCfg = Debug|Win32
		{3CF0D673-571B-417A-98EB-4434F0FE5915}.Debug|Win32.Build.0 = Debug|Win32
		{3CF0D673-571B-417A-98EB-4434F0FE5915}.Release|Win32.ActiveCfg = Release|Win32
		{3CF0D673-571B-417A-98EB-4434F0FE5915}.Release|Win32.Build.0 = Release|Win32
		{29368298-FDAE-4347-8E69-69878CBF9208}.Debug|Win32.ActiveCfg = Debug|Win32
		{29368298-FDAE-4347-8E69-69878CBF9208}.Debug|Win32.Build.0 = Debug|Win32
		{29368298-FDAE-4347-8E69-69878CBF9208}.Release|Win32.ActiveCfg = Release|Win32
		{29368298-FDAE-4347-8E69-69878CBF9208}.Release|Win32.Build.0 = Release|Win32
		{8F244FDD-7D1C-43CA-B17F-A094D13341F8}.Debug|Win32.ActiveCfg = Debug|Win32
		{8F244FDD-7D1C-43CA-B17F-A094D13341F8}.Debug|Win32.Build.0 = Debug|Win32
		{8F244FDD-7D1C-43CA-B17F-A094D13341F8}.Release|Win32.ActiveCfg = Release|Win32
		{8F244FDD-7D1C-43CA-B17F-A094D13341F8}.Release|Win32.Build.0 = Release|Win32
		{AED392E0-7E3A-4F49-990C-6FCAB22A9172}.Debug|Win32.ActiveCfg = Debug|Win32
		{AED392E0-7E3A-4F49-990C-6FCAB22A9172}.Debug|Win32.Build.0 = Debug|Win32
		{AED392E0-7E3A-4F49-990C-6FCAB22A9172}.Release|Win32.ActiveCfg = Release|Win32
		{AED392E0-7E3A-4F49-990C-6FCAB22A9172}.Release|Win32.Build.0 = Release|Win32
		{5B54BD8A-B92E-4CA3-B85B-2EC66EB281A8}.Debug|Win32.ActiveCfg = Debug|Win32
		{5B54BD8A-B92E-4CA3-B85B-2EC66EB281A8}.Debug|Win32.Build.0 = Debug|Win32
		{5B54BD8A-B92E-4CA3-B85B-2EC66EB281A8}.Release|Win32.ActiveCfg = Release|Win32
		{5B54BD8A-B92E-4CA3-B85B-2EC66EB281A8}.Release|Win32.Build.0 = Release|Win32
		{4BE4E1E2-A17B-4BE2-8ADA-B19BE33081A8}.Debug|Win32.ActiveCfg = Debug|Win32
		{4BE4E1E2-A17B-4BE2-8ADA-B19BE33081A8}.Debug|Win32.Build.0 = Debug|Win32
		{4BE4E1E2-A17B-4BE2-8ADA-B19BE33081A8}.Release|Win32.ActiveCfg = Release|Win32
		{4BE4E1E2-A17B-4BE2-8ADA-B19BE33081A8}.Release|Win32.Build.0 = Release|Win32
		{8B54003B-9574-4251-A816-535E9E343715}.Debug|Win32.ActiveCfg = Debug|Win32
		{8B54003B-9574-4251-A816-535E9E343715}.Debug|Win32.Build.0 = Debug|Win32
		{8B54003B-9574-4251-A816-535E9E343715}.Release|Win32.ActiveCfg = Release|Win32
		{8B54003B-9574-4251-A816-535E9E343715}.Release|Win32.Build.0 = Release|Win32
		{A86CA047-8C21-451D-9737-5D34EB2A1225}.Debug|Win32.ActiveCfg = Debug|Win32
		{A86CA047-8C21-451D-9737-5D34EB2A1225}.Debug|Win32.Build.0 = Debug|Win32
		{A86CA047-8C21-451D-9737-5D34EB2A1225}.Release|Win32.ActiveCfg = Release|Win32
		{A86CA047-8C21-451D-9737-5D34EB2A1225}.Release|Win32.Build.0 = Release|Win32
		{3BF645F4-EA9D-4DF6-BC1F-CD382DCD8A7E}.Debug|Win32.ActiveCfg = Debug|Win32
		{3BF645F4-EA9D-4DF6-BC1F-CD382DCD8A7E}.Debug|Win32.Build.0 = Debug|Win32
		{3BF645F4-EA9D-4DF6-BC1F-CD382DCD8A7E}.Release|Win32.ActiveCfg = Release|Win32
		{3BF645F4-EA9D-4DF6-BC1F-CD382DCD8A7E}.Release|Win32.Build.0 = Release|Win32
	EndGlobalSection
	GlobalSection(SolutionProperties) = preSolution
		HideSolutionNode = FALSE
	EndGlobalSection
EndGlobal
